github.com/willfaught/paige v0.99.0 h1:gceIhD1lTSmX8tTdb4+0nRQgUJas4AZCGtyUsEQ8Frk=
github.com/willfaught/paige v0.99.0/go.mod h1:0Nt8ifl7UVYQIBaMtpZmg+BrQHHzFNqKcrBoA2Oo4/E=
github.com/willfaught/paige v0.100.1 h1:lgW4OJZTs7UTyppZuRrB13IP0RY5QshrtUKT62gygnY=
github.com/willfaught/paige v0.100.1/go.mod h1:0Nt8ifl7UVYQIBaMtpZmg+BrQHHzFNqKcrBoA2Oo4/E=
